
Microsoft Visual Studio Solution File, Format Version 12.00
# Visual Studio Version 17
VisualStudioVersion = 17.8.34302.71
MinimumVisualStudioVersion = 10.0.40219.1
Project("{FAE04EC0-301F-11D3-BF4B-00C04F79EFBC}") = "OptionalLambdaParametersDemo", "OptionalLambdaParametersDemo\OptionalLambdaParametersDemo.csproj", "{A40FD589-38D9-44AE-870E-D42047C834FF}"
EndProject
Global
	GlobalSection(SolutionConfigurationPlatforms) = preSolution
		Debug|Any CPU = Debug|Any CPU
		Release|Any CPU = Release|Any CPU
	EndGlobalSection
	GlobalSection(ProjectConfigurationPlatforms) = postSolution
		{A40FD589-38D9-44AE-870E-D42047C834FF}.Debug|Any CPU.ActiveCfg = Debug|Any CPU
		{A40FD589-38D9-44AE-870E-D42047C834FF}.Debug|Any CPU.Build.0 = Debug|Any CPU
		{A40FD589-38D9-44AE-870E-D42047C834FF}.Release|Any CPU.ActiveCfg = Release|Any CPU
		{A40FD589-38D9-44AE-870E-D42047C834FF}.Release|Any CPU.Build.0 = Release|Any CPU
	EndGlobalSection
	GlobalSection(SolutionProperties) = preSolution
		HideSolutionNode = FALSE
	EndGlobalSection
	GlobalSection(ExtensibilityGlobals) = postSolution
		SolutionGuid = {5CA7AD34-8311-4A7D-86B1-A7D145138155}
	EndGlobalSection
EndGlobal
