
Microsoft Visual Studio Solution File, Format Version 12.00
# Visual Studio Version 17
VisualStudioVersion = 17.8.34302.71
MinimumVisualStudioVersion = 10.0.40219.1
Project("{FAE04EC0-301F-11D3-BF4B-00C04F79EFBC}") = "CollectionExpressionsDemo", "CollectionExpressionsDemo\CollectionExpressionsDemo.csproj", "{DC6322D6-1D8F-4F5F-9C98-3EAD6D9EEA44}"
EndProject
Global
	GlobalSection(SolutionConfigurationPlatforms) = preSolution
		Debug|Any CPU = Debug|Any CPU
		Release|Any CPU = Release|Any CPU
	EndGlobalSection
	GlobalSection(ProjectConfigurationPlatforms) = postSolution
		{DC6322D6-1D8F-4F5F-9C98-3EAD6D9EEA44}.Debug|Any CPU.ActiveCfg = Debug|Any CPU
		{DC6322D6-1D8F-4F5F-9C98-3EAD6D9EEA44}.Debug|Any CPU.Build.0 = Debug|Any CPU
		{DC6322D6-1D8F-4F5F-9C98-3EAD6D9EEA44}.Release|Any CPU.ActiveCfg = Release|Any CPU
		{DC6322D6-1D8F-4F5F-9C98-3EAD6D9EEA44}.Release|Any CPU.Build.0 = Release|Any CPU
	EndGlobalSection
	GlobalSection(SolutionProperties) = preSolution
		HideSolutionNode = FALSE
	EndGlobalSection
	GlobalSection(ExtensibilityGlobals) = postSolution
		SolutionGuid = {AABD1464-36B5-4198-BEB9-706B9B29B9F4}
	EndGlobalSection
EndGlobal
